
Microsoft Visual Studio Solution File, Format Version 12.00
# Visual Studio 14
VisualStudioVersion = 14.0.25420.1
MinimumVisualStudioVersion = 10.0.40219.1
Project("{FAE04EC0-301F-11D3-BF4B-00C04F79EFBC}") = "Kasaku.Sitecore.Modules.Sweep", "Kasaku.Modules.Sitecore.Sweep\Kasaku.Sitecore.Modules.Sweep.csproj", "{4114B581-9A16-4932-8A24-B45419D2048E}"
EndProject
Project("{FAE04EC0-301F-11D3-BF4B-00C04F79EFBC}") = "Kasaku.Sitecore.Modules.Sweep.Web", "Kasaku.Modules.Sitecore.Sweep.Web\Kasaku.Sitecore.Modules.Sweep.Web.csproj", "{A8DCDEA6-9E1A-4709-9411-BC27932CAFF4}"
EndProject
Global
	GlobalSection(SolutionConfigurationPlatforms) = preSolution
		Debug|Any CPU = Debug|Any CPU
		Release|Any CPU = Release|Any CPU
	EndGlobalSection
	GlobalSection(ProjectConfigurationPlatforms) = postSolution
		{4114B581-9A16-4932-8A24-B45419D2048E}.Debug|Any CPU.ActiveCfg = Debug|Any CPU
		{4114B581-9A16-4932-8A24-B45419D2048E}.Debug|Any CPU.Build.0 = Debug|Any CPU
		{4114B581-9A16-4932-8A24-B45419D2048E}.Release|Any CPU.ActiveCfg = Release|Any CPU
		{4114B581-9A16-4932-8A24-B45419D2048E}.Release|Any CPU.Build.0 = Release|Any CPU
		{A8DCDEA6-9E1A-4709-9411-BC27932CAFF4}.Debug|Any CPU.ActiveCfg = Debug|Any CPU
		{A8DCDEA6-9E1A-4709-9411-BC27932CAFF4}.Debug|Any CPU.Build.0 = Debug|Any CPU
		{A8DCDEA6-9E1A-4709-9411-BC27932CAFF4}.Release|Any CPU.ActiveCfg = Release|Any CPU
		{A8DCDEA6-9E1A-4709-9411-BC27932CAFF4}.Release|Any CPU.Build.0 = Release|Any CPU
	EndGlobalSection
	GlobalSection(SolutionProperties) = preSolution
		HideSolutionNode = FALSE
	EndGlobalSection
EndGlobal
